
Microsoft Visual Studio Solution File, Format Version 12.00
# Visual Studio Version 17
VisualStudioVersion = 17.3.32929.385
MinimumVisualStudioVersion = 10.0.40219.1
Project("{FAE04EC0-301F-11D3-BF4B-00C04F79EFBC}") = "project_Contact_TP", "project_Contact_TP\project_Contact_TP.csproj", "{0A35C709-501F-45E6-80A7-CB2EE4468760}"
EndProject
Global
	GlobalSection(SolutionConfigurationPlatforms) = preSolution
		Debug|Any CPU = Debug|Any CPU
		Release|Any CPU = Release|Any CPU
	EndGlobalSection
	GlobalSection(ProjectConfigurationPlatforms) = postSolution
		{0A35C709-501F-45E6-80A7-CB2EE4468760}.Debug|Any CPU.ActiveCfg = Debug|Any CPU
		{0A35C709-501F-45E6-80A7-CB2EE4468760}.Debug|Any CPU.Build.0 = Debug|Any CPU
		{0A35C709-501F-45E6-80A7-CB2EE4468760}.Release|Any CPU.ActiveCfg = Release|Any CPU
		{0A35C709-501F-45E6-80A7-CB2EE4468760}.Release|Any CPU.Build.0 = Release|Any CPU
	EndGlobalSection
	GlobalSection(SolutionProperties) = preSolution
		HideSolutionNode = FALSE
	EndGlobalSection
	GlobalSection(ExtensibilityGlobals) = postSolution
		SolutionGuid = {1A44EF7A-8038-44C2-8501-B6856C9F76ED}
	EndGlobalSection
EndGlobal
